
Microsoft Visual Studio Solution File, Format Version 12.00
# Visual Studio Version 17
VisualStudioVersion = 17.6.33829.357
MinimumVisualStudioVersion = 10.0.40219.1
Project("{FAE04EC0-301F-11D3-BF4B-00C04F79EFBC}") = "ProyectoBaseDeDatos", "ProyectoBaseDeDatos\ProyectoBaseDeDatos.csproj", "{BCA5583C-C271-4EBD-A7B6-0A04DFF9FF15}"
EndProject
Project("{FAE04EC0-301F-11D3-BF4B-00C04F79EFBC}") = "Entities", "Entities\Entities.csproj", "{F8074840-4717-48F0-9EEB-B9AD9113C2D3}"
EndProject
Project("{FAE04EC0-301F-11D3-BF4B-00C04F79EFBC}") = "Data", "Data\Data.csproj", "{75661961-F29E-449A-8912-04D82EF34C0E}"
EndProject
Global
	GlobalSection(SolutionConfigurationPlatforms) = preSolution
		Debug|Any CPU = Debug|Any CPU
		Release|Any CPU = Release|Any CPU
	EndGlobalSection
	GlobalSection(ProjectConfigurationPlatforms) = postSolution
		{BCA5583C-C271-4EBD-A7B6-0A04DFF9FF15}.Debug|Any CPU.ActiveCfg = Debug|Any CPU
		{BCA5583C-C271-4EBD-A7B6-0A04DFF9FF15}.Debug|Any CPU.Build.0 = Debug|Any CPU
		{BCA5583C-C271-4EBD-A7B6-0A04DFF9FF15}.Release|Any CPU.ActiveCfg = Release|Any CPU
		{BCA5583C-C271-4EBD-A7B6-0A04DFF9FF15}.Release|Any CPU.Build.0 = Release|Any CPU
		{F8074840-4717-48F0-9EEB-B9AD9113C2D3}.Debug|Any CPU.ActiveCfg = Debug|Any CPU
		{F8074840-4717-48F0-9EEB-B9AD9113C2D3}.Debug|Any CPU.Build.0 = Debug|Any CPU
		{F8074840-4717-48F0-9EEB-B9AD9113C2D3}.Release|Any CPU.ActiveCfg = Release|Any CPU
		{F8074840-4717-48F0-9EEB-B9AD9113C2D3}.Release|Any CPU.Build.0 = Release|Any CPU
		{75661961-F29E-449A-8912-04D82EF34C0E}.Debug|Any CPU.ActiveCfg = Debug|Any CPU
		{75661961-F29E-449A-8912-04D82EF34C0E}.Debug|Any CPU.Build.0 = Debug|Any CPU
		{75661961-F29E-449A-8912-04D82EF34C0E}.Release|Any CPU.ActiveCfg = Release|Any CPU
		{75661961-F29E-449A-8912-04D82EF34C0E}.Release|Any CPU.Build.0 = Release|Any CPU
	EndGlobalSection
	GlobalSection(SolutionProperties) = preSolution
		HideSolutionNode = FALSE
	EndGlobalSection
	GlobalSection(ExtensibilityGlobals) = postSolution
		SolutionGuid = {0969C92F-F54D-46DE-96F2-991C648B5424}
	EndGlobalSection
EndGlobal
